
Microsoft Visual Studio Solution File, Format Version 12.00
# Visual Studio Version 17
VisualStudioVersion = 17.0.31903.59
MinimumVisualStudioVersion = 10.0.40219.1
Project("{FAE04EC0-301F-11D3-BF4B-00C04F79EFBC}") = "GrpcServer", "GrpcServer\GrpcServer.csproj", "{2F9468B5-F798-48A3-8EEC-578FA7B99917}"
EndProject
Project("{FAE04EC0-301F-11D3-BF4B-00C04F79EFBC}") = "GrpcClient", "GrpcClient\GrpcClient.csproj", "{8875B1E8-8EE2-441A-B7AB-EBDE268AF59C}"
EndProject
Global
	GlobalSection(SolutionConfigurationPlatforms) = preSolution
		Debug|Any CPU = Debug|Any CPU
		Release|Any CPU = Release|Any CPU
	EndGlobalSection
	GlobalSection(ProjectConfigurationPlatforms) = postSolution
		{2F9468B5-F798-48A3-8EEC-578FA7B99917}.Debug|Any CPU.ActiveCfg = Debug|Any CPU
		{2F9468B5-F798-48A3-8EEC-578FA7B99917}.Debug|Any CPU.Build.0 = Debug|Any CPU
		{2F9468B5-F798-48A3-8EEC-578FA7B99917}.Release|Any CPU.ActiveCfg = Release|Any CPU
		{2F9468B5-F798-48A3-8EEC-578FA7B99917}.Release|Any CPU.Build.0 = Release|Any CPU
		{8875B1E8-8EE2-441A-B7AB-EBDE268AF59C}.Debug|Any CPU.ActiveCfg = Debug|Any CPU
		{8875B1E8-8EE2-441A-B7AB-EBDE268AF59C}.Debug|Any CPU.Build.0 = Debug|Any CPU
		{8875B1E8-8EE2-441A-B7AB-EBDE268AF59C}.Release|Any CPU.ActiveCfg = Release|Any CPU
		{8875B1E8-8EE2-441A-B7AB-EBDE268AF59C}.Release|Any CPU.Build.0 = Release|Any CPU
	EndGlobalSection
	GlobalSection(SolutionProperties) = preSolution
		HideSolutionNode = FALSE
	EndGlobalSection
	GlobalSection(ExtensibilityGlobals) = postSolution
		SolutionGuid = {BC32C3F0-8B84-4C36-8356-31CD4C79EE60}
	EndGlobalSection
EndGlobal
